
Microsoft Visual Studio Solution File, Format Version 12.00
# Visual Studio Version 17
VisualStudioVersion = 17.5.33516.290
MinimumVisualStudioVersion = 10.0.40219.1
Project("{FAE04EC0-301F-11D3-BF4B-00C04F79EFBC}") = "MGL381 Calculator", "MGL381 Calculator.csproj", "{B40BEF18-06CE-401A-A010-6CED549D454C}"
EndProject
Global
	GlobalSection(SolutionConfigurationPlatforms) = preSolution
		Debug|Any CPU = Debug|Any CPU
		Release|Any CPU = Release|Any CPU
	EndGlobalSection
	GlobalSection(ProjectConfigurationPlatforms) = postSolution
		{B40BEF18-06CE-401A-A010-6CED549D454C}.Debug|Any CPU.ActiveCfg = Debug|Any CPU
		{B40BEF18-06CE-401A-A010-6CED549D454C}.Debug|Any CPU.Build.0 = Debug|Any CPU
		{B40BEF18-06CE-401A-A010-6CED549D454C}.Release|Any CPU.ActiveCfg = Release|Any CPU
		{B40BEF18-06CE-401A-A010-6CED549D454C}.Release|Any CPU.Build.0 = Release|Any CPU
	EndGlobalSection
	GlobalSection(SolutionProperties) = preSolution
		HideSolutionNode = FALSE
	EndGlobalSection
	GlobalSection(ExtensibilityGlobals) = postSolution
		SolutionGuid = {47A063C2-EAEE-48D7-BBA7-B65932C58FD6}
	EndGlobalSection
EndGlobal
